
Microsoft Visual Studio Solution File, Format Version 12.00
# Visual Studio 2013
VisualStudioVersion = 12.0.31101.0
MinimumVisualStudioVersion = 10.0.40219.1
Project("{2150E333-8FDC-42A3-9474-1A3956D46DE8}") = "Engine", "Engine", "{79AF6B2A-8985-4ED7-91D7-525D6FBBB1FD}"
EndProject
Project("{2150E333-8FDC-42A3-9474-1A3956D46DE8}") = "Games", "Games", "{0740DF42-6056-4AA0-AD66-D705903C76FB}"
EndProject
Project("{8BC9CEB8-8B4A-11D0-8D11-00A0C91BC942}") = "ComponentAssignment5", "Intermediate\ProjectFiles\ComponentAssignment5.vcxproj", "{8ECDCEA1-EBAD-4A60-8626-003960F52014}"
EndProject
Project("{8BC9CEB8-8B4A-11D0-8D11-00A0C91BC942}") = "UE4", "Intermediate\ProjectFiles\UE4.vcxproj", "{5247BCDE-F7B3-4348-B7D8-417B307D4223}"
EndProject
Global
	GlobalSection(SolutionConfigurationPlatforms) = preSolution
		DebugGame Editor|Windows = DebugGame Editor|Windows
		DebugGame|Windows = DebugGame|Windows
		Development Editor|Windows = Development Editor|Windows
		Development|Windows = Development|Windows
		Shipping|Windows = Shipping|Windows
	EndGlobalSection
	GlobalSection(ProjectConfigurationPlatforms) = postSolution
		{8ECDCEA1-EBAD-4A60-8626-003960F52014}.DebugGame Editor|Windows.ActiveCfg = DebugGame_Editor|x64
		{8ECDCEA1-EBAD-4A60-8626-003960F52014}.DebugGame Editor|Windows.Build.0 = DebugGame_Editor|x64
		{8ECDCEA1-EBAD-4A60-8626-003960F52014}.DebugGame|Windows.ActiveCfg = DebugGame_Game|x64
		{8ECDCEA1-EBAD-4A60-8626-003960F52014}.DebugGame|Windows.Build.0 = DebugGame_Game|x64
		{8ECDCEA1-EBAD-4A60-8626-003960F52014}.Development Editor|Windows.ActiveCfg = Development_Editor|x64
		{8ECDCEA1-EBAD-4A60-8626-003960F52014}.Development Editor|Windows.Build.0 = Development_Editor|x64
		{8ECDCEA1-EBAD-4A60-8626-003960F52014}.Development|Windows.ActiveCfg = Development_Game|x64
		{8ECDCEA1-EBAD-4A60-8626-003960F52014}.Development|Windows.Build.0 = Development_Game|x64
		{8ECDCEA1-EBAD-4A60-8626-003960F52014}.Shipping|Windows.ActiveCfg = Shipping_Game|Win32
		{8ECDCEA1-EBAD-4A60-8626-003960F52014}.Shipping|Windows.Build.0 = Shipping_Game|Win32
		{5247BCDE-F7B3-4348-B7D8-417B307D4223}.DebugGame Editor|Windows.ActiveCfg = BuiltWithUnrealBuildTool|Win32
		{5247BCDE-F7B3-4348-B7D8-417B307D4223}.DebugGame|Windows.ActiveCfg = BuiltWithUnrealBuildTool|Win32
		{5247BCDE-F7B3-4348-B7D8-417B307D4223}.Development Editor|Windows.ActiveCfg = BuiltWithUnrealBuildTool|Win32
		{5247BCDE-F7B3-4348-B7D8-417B307D4223}.Development|Windows.ActiveCfg = BuiltWithUnrealBuildTool|Win32
		{5247BCDE-F7B3-4348-B7D8-417B307D4223}.Shipping|Windows.ActiveCfg = BuiltWithUnrealBuildTool|Win32
	EndGlobalSection
	GlobalSection(SolutionProperties) = preSolution
		HideSolutionNode = FALSE
	EndGlobalSection
	GlobalSection(NestedProjects) = preSolution
		{8ECDCEA1-EBAD-4A60-8626-003960F52014} = {0740DF42-6056-4AA0-AD66-D705903C76FB}
		{5247BCDE-F7B3-4348-B7D8-417B307D4223} = {79AF6B2A-8985-4ED7-91D7-525D6FBBB1FD}
	EndGlobalSection
EndGlobal
